<?xml version="1.0" encoding="utf-8"?>
<Project ToolsVersion="4.0" xmlns="http://schemas.microsoft.com/developer/msbuild/2003">
  <ItemGroup>
    <Filter Include="Source 11Files">
      <UniqueIdentifier>{4FC737F1-C7A5-4376-A066-2A32D752A2FF}</UniqueIdentifier>
      <Extensions>qml;cpp;c;cc;cxx;def;odl;idl;hpj;bat;asm;asmx</Extensions>
    </Filter>
    <Filter Include="Header Files">
      <UniqueIdentifier>{93995380-89BD-4b04-88EB-625FBE52EBFB}</UniqueIdentifier>
      <Extensions>h;hh;hpp;hxx;hm;inl;inc;xsd</Extensions>
    </Filter>
    <Filter Include="Resource Files">
      <UniqueIdentifier>{67DA6AB6-F800-4c08-8B7A-83BB121AAD01}</UniqueIdentifier>
      <Extensions>qrc;rc;ico;cur;bmp;dlg;rc2;rct;bin;rgs;gif;jpg;jpeg;jpe;resx;tiff;tif;png;wav;mfcribbon-ms</Extensions>
    </Filter>
    <Filter Include="Form Files">
      <UniqueIdentifier>{99349809-55BA-4b9d-BF79-8FDBB0286EB3}</UniqueIdentifier>
      <Extensions>ui</Extensions>
    </Filter>
    <Filter Include="Translation Files">
      <UniqueIdentifier>{639EADAA-A684-42e4-A9AD-28FC9BCB8F7C}</UniqueIdentifier>
      <Extensions>ts</Extensions>
    </Filter>
  </ItemGroup>
  <ItemGroup>
    <ClCompile Include="main.cpp">
      <Filter>Source Files</Filter>
    </ClCompile>
    <ClCompile Include="SSHWindow.cpp">
      <Filter>Source Files</Filter>
    </ClCompile>
    <ClCompile Include="SetingWindow.cpp">
      <Filter>Source Files</Filter>
    </ClCompile>
    <ClCompile Include="Tray.cpp">
      <Filter>Source Files</Filter>
    </ClCompile>
    <ClCompile Include="Ftp.cpp">
      <Filter>Source Files</Filter>
    </ClCompile>
    <ClCompile Include="FTPTreeList.cpp">
      <Filter>Source Files</Filter>
    </ClCompile>
    <ClCompile Include="FTPTreeWork.cpp">
      <Filter>Source Files</Filter>
    </ClCompile>
    <ClCompile Include="HelpWindows.cpp">
      <Filter>Source Files</Filter>
    </ClCompile>
    <ClCompile Include="HomePage.cpp">
      <Filter>Source Files</Filter>
    </ClCompile>
    <ClCompile Include="Log.cpp">
      <Filter>Source Files</Filter>
    </ClCompile>
    <ClCompile Include="NewUser.cpp">
      <Filter>Source Files</Filter>
    </ClCompile>
    <ClCompile Include="SshClient.cpp">
      <Filter>Source Files</Filter>
    </ClCompile>
    <ClCompile Include="UPDate.cpp">
      <Filter>Source Files</Filter>
    </ClCompile>
  </ItemGroup>
  <ItemGroup>
    <QtMoc Include="SSHWindow.h">
      <Filter>Header Files</Filter>
    </QtMoc>
    <QtMoc Include="SetingWindow.h">
      <Filter>Header Files</Filter>
    </QtMoc>
    <QtMoc Include="Tray.h">
      <Filter>Header Files</Filter>
    </QtMoc>
    <QtMoc Include="FTPTreeList.h">
      <Filter>Header Files</Filter>
    </QtMoc>
    <QtMoc Include="FTPTreeWork.h">
      <Filter>Header Files</Filter>
    </QtMoc>
    <QtMoc Include="HelpWindows.h">
      <Filter>Header Files</Filter>
    </QtMoc>
    <QtMoc Include="HomePage.h">
      <Filter>Header Files</Filter>
    </QtMoc>
    <QtMoc Include="NewUser.h">
      <Filter>Header Files</Filter>
    </QtMoc>
    <QtMoc Include="SshClient.h">
      <Filter>Header Files</Filter>
    </QtMoc>
    <QtMoc Include="UPDate.h">
      <Filter>Header Files</Filter>
    </QtMoc>
  </ItemGroup>
  <ItemGroup>
    <QtUic Include="HelpWindows.ui">
      <Filter>Form Files</Filter>
    </QtUic>
    <QtUic Include="HomePage.ui">
      <Filter>Form Files</Filter>
    </QtUic>
    <QtUic Include="NewUser.ui">
      <Filter>Form Files</Filter>
    </QtUic>
    <QtUic Include="SetingWindow.ui">
      <Filter>Form Files</Filter>
    </QtUic>
    <QtUic Include="SSHWindow.ui">
      <Filter>Form Files</Filter>
    </QtUic>
  </ItemGroup>
  <ItemGroup>
    <ClInclude Include="DataStruck.h">
      <Filter>Header Files</Filter>
    </ClInclude>
    <ClInclude Include="Ftp.h">
      <Filter>Header Files</Filter>
    </ClInclude>
    <ClInclude Include="Log.h">
      <Filter>Header Files</Filter>
    </ClInclude>
  </ItemGroup>
  <ItemGroup>
    <QtRcc Include="img.qrc">
      <Filter>Resource Files</Filter>
    </QtRcc>
  </ItemGroup>
  <ItemGroup>
    <Image Include="logo.ico">
      <Filter>Resource Files</Filter>
    </Image>
  </ItemGroup>
  <ItemGroup>
    <ResourceCompile Include="logo.rc">
      <Filter>Resource Files</Filter>
    </ResourceCompile>
  </ItemGroup>
</Project>